{
  "name": "cached-angular",
  "lockfileVersion": 2,
  "requires": true,
  "packages": {
    "": {
      "dependencies": {
        "ag-grid-angular": "^27.0.0",
        "ag-grid-community": "^27.0.1",
        "ag-grid-enterprise": "^27.0.1"
      }
    },
    "node_modules/@angular/common": {
      "version": "13.2.5",
      "resolved": "https://registry.npmjs.org/@angular/common/-/common-13.2.5.tgz",
      "integrity": "sha512-px2qZP8Fd2qYbCVWmgLmop2OBQ/LKU2Oq8U/La2EEo8kgVuNWNTxmIh826cgZK/v9VQw8b/EoU7PeEjSWz0Zow==",
      "peer": true,
      "dependencies": {
        "tslib": "^2.3.0"
      },
      "engines": {
        "node": "^12.20.0 || ^14.15.0 || >=16.10.0"
      },
      "peerDependencies": {
        "@angular/core": "13.2.5",
        "rxjs": "^6.5.3 || ^7.4.0"
      }
    },
    "node_modules/@angular/core": {
      "version": "13.2.5",
      "resolved": "https://registry.npmjs.org/@angular/core/-/core-13.2.5.tgz",
      "integrity": "sha512-4CC69JQbgyETJR6xsQk6hOQqb6fBGZ/Qc333x0hwRDBbGnYE6hQehDibV+Apljea8YjV+NX6VmyOvPvHhtL4PQ==",
      "peer": true,
      "dependencies": {
        "tslib": "^2.3.0"
      },
      "engines": {
        "node": "^12.20.0 || ^14.15.0 || >=16.10.0"
      },
      "peerDependencies": {
        "rxjs": "^6.5.3 || ^7.4.0",
        "zone.js": "~0.11.4"
      }
    },
    "node_modules/ag-grid-angular": {
      "version": "27.0.0",
      "resolved": "https://registry.npmjs.org/ag-grid-angular/-/ag-grid-angular-27.0.0.tgz",
      "integrity": "sha512-76poLjBi+sL2cccVpKJfynz9ALhpVax47Hz5YznVBi8TcfnOVC3a5a559c072DxXGhnxn7sgrjKVD6KJrK0ScA==",
      "dependencies": {
        "tslib": "^1.10.0"
      },
      "peerDependencies": {
        "@angular/common": ">= 8.0.0",
        "@angular/core": ">= 8.0.0",
        "ag-grid-community": "~27.0.0"
      }
    },
    "node_modules/ag-grid-angular/node_modules/tslib": {
      "version": "1.14.1",
      "resolved": "https://registry.npmjs.org/tslib/-/tslib-1.14.1.tgz",
      "integrity": "sha512-Xni35NKzjgMrwevysHTCArtLDpPvye8zV/0E4EyYn43P7/7qvQwPh9BGkHewbMulVntbigmcT7rdX3BNo9wRJg=="
    },
    "node_modules/ag-grid-community": {
      "version": "27.0.1",
      "resolved": "https://registry.npmjs.org/ag-grid-community/-/ag-grid-community-27.0.1.tgz",
      "integrity": "sha512-wV3CLLJWet0I7lmlVjVjACVWQ1WmGYflEyc2nKK3u5CDKa9ewQGYcwZW92i+E+9rmGH6R7oaL3DFKzNWD6C56w=="
    },
    "node_modules/ag-grid-enterprise": {
      "version": "27.0.1",
      "resolved": "https://registry.npmjs.org/ag-grid-enterprise/-/ag-grid-enterprise-27.0.1.tgz",
      "integrity": "sha512-Gg/4VG/UGu8EkDt/03ucjSHwPlqcusxDGeEfJhzKtNlAgmHhoOUC3OEQWNqNLZVDy+Lw1rMOEm8uMR8umxXdaQ=="
    },
    "node_modules/rxjs": {
      "version": "7.5.4",
      "resolved": "https://registry.npmjs.org/rxjs/-/rxjs-7.5.4.tgz",
      "integrity": "sha512-h5M3Hk78r6wAheJF0a5YahB1yRQKCsZ4MsGdZ5O9ETbVtjPcScGfrMmoOq7EBsCRzd4BDkvDJ7ogP8Sz5tTFiQ==",
      "peer": true,
      "dependencies": {
        "tslib": "^2.1.0"
      }
    },
    "node_modules/tslib": {
      "version": "2.3.1",
      "resolved": "https://registry.npmjs.org/tslib/-/tslib-2.3.1.tgz",
      "integrity": "sha512-77EbyPPpMz+FRFRuAFlWMtmgUWGe9UOG2Z25NqCwiIjRhOf5iKGuzSe5P2w1laq+FkRy4p+PCuVkJSGkzTEKVw==",
      "peer": true
    },
    "node_modules/zone.js": {
      "version": "0.11.5",
      "resolved": "https://registry.npmjs.org/zone.js/-/zone.js-0.11.5.tgz",
      "integrity": "sha512-D1/7VxEuQ7xk6z/kAROe4SUbd9CzxY4zOwVGnGHerd/SgLIVU5f4esDzQUsOCeArn933BZfWMKydH7l7dPEp0g==",
      "peer": true,
      "dependencies": {
        "tslib": "^2.3.0"
      }
    }
  },
  "dependencies": {
    "@angular/common": {
      "version": "13.2.5",
      "resolved": "https://registry.npmjs.org/@angular/common/-/common-13.2.5.tgz",
      "integrity": "sha512-px2qZP8Fd2qYbCVWmgLmop2OBQ/LKU2Oq8U/La2EEo8kgVuNWNTxmIh826cgZK/v9VQw8b/EoU7PeEjSWz0Zow==",
      "peer": true,
      "requires": {
        "tslib": "^2.3.0"
      }
    },
    "@angular/core": {
      "version": "13.2.5",
      "resolved": "https://registry.npmjs.org/@angular/core/-/core-13.2.5.tgz",
      "integrity": "sha512-4CC69JQbgyETJR6xsQk6hOQqb6fBGZ/Qc333x0hwRDBbGnYE6hQehDibV+Apljea8YjV+NX6VmyOvPvHhtL4PQ==",
      "peer": true,
      "requires": {
        "tslib": "^2.3.0"
      }
    },
    "ag-grid-angular": {
      "version": "27.0.0",
      "resolved": "https://registry.npmjs.org/ag-grid-angular/-/ag-grid-angular-27.0.0.tgz",
      "integrity": "sha512-76poLjBi+sL2cccVpKJfynz9ALhpVax47Hz5YznVBi8TcfnOVC3a5a559c072DxXGhnxn7sgrjKVD6KJrK0ScA==",
      "requires": {
        "tslib": "^1.10.0"
      },
      "dependencies": {
        "tslib": {
          "version": "1.14.1",
          "resolved": "https://registry.npmjs.org/tslib/-/tslib-1.14.1.tgz",
          "integrity": "sha512-Xni35NKzjgMrwevysHTCArtLDpPvye8zV/0E4EyYn43P7/7qvQwPh9BGkHewbMulVntbigmcT7rdX3BNo9wRJg=="
        }
      }
    },
    "ag-grid-community": {
      "version": "27.0.1",
      "resolved": "https://registry.npmjs.org/ag-grid-community/-/ag-grid-community-27.0.1.tgz",
      "integrity": "sha512-wV3CLLJWet0I7lmlVjVjACVWQ1WmGYflEyc2nKK3u5CDKa9ewQGYcwZW92i+E+9rmGH6R7oaL3DFKzNWD6C56w=="
    },
    "ag-grid-enterprise": {
      "version": "27.0.1",
      "resolved": "https://registry.npmjs.org/ag-grid-enterprise/-/ag-grid-enterprise-27.0.1.tgz",
      "integrity": "sha512-Gg/4VG/UGu8EkDt/03ucjSHwPlqcusxDGeEfJhzKtNlAgmHhoOUC3OEQWNqNLZVDy+Lw1rMOEm8uMR8umxXdaQ=="
    },
    "rxjs": {
      "version": "7.5.4",
      "resolved": "https://registry.npmjs.org/rxjs/-/rxjs-7.5.4.tgz",
      "integrity": "sha512-h5M3Hk78r6wAheJF0a5YahB1yRQKCsZ4MsGdZ5O9ETbVtjPcScGfrMmoOq7EBsCRzd4BDkvDJ7ogP8Sz5tTFiQ==",
      "peer": true,
      "requires": {
        "tslib": "^2.1.0"
      }
    },
    "tslib": {
      "version": "2.3.1",
      "resolved": "https://registry.npmjs.org/tslib/-/tslib-2.3.1.tgz",
      "integrity": "sha512-77EbyPPpMz+FRFRuAFlWMtmgUWGe9UOG2Z25NqCwiIjRhOf5iKGuzSe5P2w1laq+FkRy4p+PCuVkJSGkzTEKVw==",
      "peer": true
    },
    "zone.js": {
      "version": "0.11.5",
      "resolved": "https://registry.npmjs.org/zone.js/-/zone.js-0.11.5.tgz",
      "integrity": "sha512-D1/7VxEuQ7xk6z/kAROe4SUbd9CzxY4zOwVGnGHerd/SgLIVU5f4esDzQUsOCeArn933BZfWMKydH7l7dPEp0g==",
      "peer": true,
      "requires": {
        "tslib": "^2.3.0"
      }
    }
  }
}
